
Microsoft Visual Studio Solution File, Format Version 12.00
# Visual Studio 2012
Project("{FAE04EC0-301F-11D3-BF4B-00C04F79EFBC}") = "FacebookBindings", "FacebookBindings\FacebookBindings.csproj", "{AE496579-FEAA-4325-89AB-A171FEC26157}"
EndProject
Global
	GlobalSection(SolutionConfigurationPlatforms) = preSolution
		Debug|Any CPU = Debug|Any CPU
		Release|Any CPU = Release|Any CPU
	EndGlobalSection
	GlobalSection(ProjectConfigurationPlatforms) = postSolution
		{AE496579-FEAA-4325-89AB-A171FEC26157}.Debug|Any CPU.ActiveCfg = Debug|Any CPU
		{AE496579-FEAA-4325-89AB-A171FEC26157}.Debug|Any CPU.Build.0 = Debug|Any CPU
		{AE496579-FEAA-4325-89AB-A171FEC26157}.Release|Any CPU.ActiveCfg = Release|Any CPU
		{AE496579-FEAA-4325-89AB-A171FEC26157}.Release|Any CPU.Build.0 = Release|Any CPU
	EndGlobalSection
EndGlobal
